
Microsoft Visual Studio Solution File, Format Version 12.00
# Visual Studio Version 17
VisualStudioVersion = 17.3.32825.248
MinimumVisualStudioVersion = 10.0.40219.1
Project("{2150E333-8FDC-42A3-9474-1A3956D46DE8}") = "1. Einführung", "1. Einführung", "{CEED3D3F-6FED-46B2-AAD3-F4EAE29BF417}"
EndProject
Project("{2150E333-8FDC-42A3-9474-1A3956D46DE8}") = "2. Datenstrukturen", "2. Datenstrukturen", "{18F44DCC-265E-4DD3-92B7-6273378F6B81}"
EndProject
Project("{2150E333-8FDC-42A3-9474-1A3956D46DE8}") = "3. Algorithmen", "3. Algorithmen", "{FCAF76EC-92E0-4F34-993B-7291FE0FCAB8}"
EndProject
Project("{9A19103F-16F7-4668-BE54-9A1E7A4F7556}") = "1) Rekursion", "Rekursion\1) Rekursion.csproj", "{30288113-2A8C-48C2-A3FC-5271C539341B}"
EndProject
Project("{2150E333-8FDC-42A3-9474-1A3956D46DE8}") = "2.2 List", "2.2 List", "{319044AD-32AC-40F5-B6E1-B86317635C98}"
EndProject
Project("{2150E333-8FDC-42A3-9474-1A3956D46DE8}") = "2.3 Stack", "2.3 Stack", "{5858BE7E-2BBC-4C31-BCC3-61253E3E5F8D}"
EndProject
Project("{2150E333-8FDC-42A3-9474-1A3956D46DE8}") = "2.4 Queue", "2.4 Queue", "{C2D1D592-2FE9-482A-82EC-A53DF2922838}"
EndProject
Project("{2150E333-8FDC-42A3-9474-1A3956D46DE8}") = "2.5 Hashtabellen", "2.5 Hashtabellen", "{FFDDCE4D-E770-4FE2-9B48-57684BBAE302}"
EndProject
Project("{2150E333-8FDC-42A3-9474-1A3956D46DE8}") = "2.6 Binary Tree", "2.6 Binary Tree", "{4E90EDB5-0558-417E-9944-40D693D014BC}"
EndProject
Project("{2150E333-8FDC-42A3-9474-1A3956D46DE8}") = "2.7 Red-Black Tree", "2.7 Red-Black Tree", "{4F0FBB37-06EB-4913-93E5-57407D5434C9}"
EndProject
Project("{2150E333-8FDC-42A3-9474-1A3956D46DE8}") = "3.1 Binäre Suche", "3.1 Binäre Suche", "{FC33CEF4-96BF-403D-9EC6-52477EA34EE8}"
EndProject
Project("{2150E333-8FDC-42A3-9474-1A3956D46DE8}") = "3.2 Sortieren", "3.2 Sortieren", "{CCE2A6F9-1941-4F72-8186-9511FD38BC55}"
EndProject
Project("{2150E333-8FDC-42A3-9474-1A3956D46DE8}") = "3.3 String-Algorithmen", "3.3 String-Algorithmen", "{439E736B-E64D-4A0E-89F6-FD38D01C5DBD}"
EndProject
Project("{9A19103F-16F7-4668-BE54-9A1E7A4F7556}") = "1) SpellCheck (LinkedList)", "SpellCheck\1) SpellCheck (LinkedList).csproj", "{D254580F-7051-463F-B778-2444858451AB}"
EndProject
Project("{9A19103F-16F7-4668-BE54-9A1E7A4F7556}") = "2) ProblemInheritance", "ProblemInheritance\2) ProblemInheritance.csproj", "{6B4F0D3E-9EEE-466A-87F0-7FAC71F692C2}"
EndProject
Project("{9A19103F-16F7-4668-BE54-9A1E7A4F7556}") = "3) TypeSafety", "TypeSafety\3) TypeSafety.csproj", "{51D462D3-7DA5-43E8-A5FA-D3D1FC7F5E3E}"
EndProject
Project("{9A19103F-16F7-4668-BE54-9A1E7A4F7556}") = "4) DoublyLinkedList", "DoublyLinkedList\4) DoublyLinkedList.csproj", "{6FF7CA8B-0B52-4C19-8B15-ED712457D502}"
EndProject
Project("{9A19103F-16F7-4668-BE54-9A1E7A4F7556}") = "5) ArrayList", "ArrayList\5) ArrayList.csproj", "{03C0C804-7BA2-4DDA-B008-16E7160A7488}"
EndProject
Project("{9A19103F-16F7-4668-BE54-9A1E7A4F7556}") = "6) ProfileMethods", "ProfileMethods\6) ProfileMethods.csproj", "{1D5F798C-FD4C-4AB6-B6BA-9FE39028C5B3}"
EndProject
Project("{9A19103F-16F7-4668-BE54-9A1E7A4F7556}") = "7) VisualStudioProfiler", "VisualStudioProfiler\7) VisualStudioProfiler.csproj", "{4F926D17-4A37-4551-AC0D-031901EDCAE7}"
EndProject
Project("{9A19103F-16F7-4668-BE54-9A1E7A4F7556}") = "1) Stack", "Stack\1) Stack.csproj", "{6E557B34-940E-4AB9-92F9-87B2AB504786}"
EndProject
Project("{9A19103F-16F7-4668-BE54-9A1E7A4F7556}") = "2) PostScriptViewer", "PostScriptViewer\2) PostScriptViewer.csproj", "{F6DE20E4-0CCB-4072-B8B2-BB4FFA5F3166}"
EndProject
Project("{9A19103F-16F7-4668-BE54-9A1E7A4F7556}") = "3) Paint", "Paint\3) Paint.csproj", "{236A2B08-18DE-4BAF-B4FE-A678994B88F7}"
EndProject
Project("{9A19103F-16F7-4668-BE54-9A1E7A4F7556}") = "8) Aufgaben (List)", "Aufgaben (List)\8) Aufgaben (List).csproj", "{620FB691-46EA-4286-85E8-C5F3FD4AB48D}"
EndProject
Project("{9A19103F-16F7-4668-BE54-9A1E7A4F7556}") = "4) Aufgaben (Stack)", "Aufgaben (Stack)\4) Aufgaben (Stack).csproj", "{7223459D-3398-4504-9A69-F975406FCD24}"
EndProject
Project("{9A19103F-16F7-4668-BE54-9A1E7A4F7556}") = "1) Queue", "Queue\1) Queue.csproj", "{EA52BA6F-28AD-44BD-889D-2D5207F3DE4A}"
EndProject
Project("{9A19103F-16F7-4668-BE54-9A1E7A4F7556}") = "2) WebServer", "WebServer\2) WebServer.csproj", "{17A0B94F-8692-4850-A4DA-D0A0653CD59B}"
EndProject
Project("{9A19103F-16F7-4668-BE54-9A1E7A4F7556}") = "1) HashtableLinearProbing", "HashtableLinearProbing\1) HashtableLinearProbing.csproj", "{3D28AFA4-81DE-46D7-B40A-3FA3D6D010A5}"
EndProject
Project("{9A19103F-16F7-4668-BE54-9A1E7A4F7556}") = "2) HashtableDoubleHashing", "HashtableDoubleHashing\2) HashtableDoubleHashing.csproj", "{F00E1215-4A9E-46A8-90E9-7973287AB499}"
EndProject
Project("{9A19103F-16F7-4668-BE54-9A1E7A4F7556}") = "3) Hashtable", "Hashtable\3) Hashtable.csproj", "{357A0228-817B-4B67-BB1A-A907BECAD08B}"
EndProject
Project("{9A19103F-16F7-4668-BE54-9A1E7A4F7556}") = "4) OneRClassifier", "OneRClassifier\4) OneRClassifier.csproj", "{80DB19B3-2C9A-49E1-9742-5387BC21FBD5}"
EndProject
Project("{9A19103F-16F7-4668-BE54-9A1E7A4F7556}") = "5) Aufgabe3 (ZIPSearch)", "Aufgabe3 (ZIPSearch)\5) Aufgabe3 (ZIPSearch).csproj", "{7D1CD25B-7F82-4200-81E0-902422D663BB}"
EndProject
Project("{9A19103F-16F7-4668-BE54-9A1E7A4F7556}") = "1) BinaryTree", "BinaryTree\1) BinaryTree.csproj", "{CC8D1803-3915-4B04-8C8B-6E9402B8F3B4}"
EndProject
Project("{9A19103F-16F7-4668-BE54-9A1E7A4F7556}") = "2) CompanySearch", "CompanySearch\2) CompanySearch.csproj", "{88785626-EBB8-4CF4-87E1-C47604A0FEC5}"
EndProject
Project("{9A19103F-16F7-4668-BE54-9A1E7A4F7556}") = "3) Aufgaben (SpellCheckBinaryTree)", "SpellCheckBinaryTree\3) Aufgaben (SpellCheckBinaryTree).csproj", "{1449ABF2-D4F8-4FB2-9CD9-3D6B6CB4FE45}"
EndProject
Project("{9A19103F-16F7-4668-BE54-9A1E7A4F7556}") = "1) RedBlackTree", "RedBlackTree\1) RedBlackTree.csproj", "{4A7C72BC-3639-41D3-B934-65705CB320DB}"
EndProject
Project("{9A19103F-16F7-4668-BE54-9A1E7A4F7556}") = "2) MusicDB", "MusicDB\2) MusicDB.csproj", "{482A07B3-8F4A-47A0-A579-7624E3BDD7C5}"
EndProject
Project("{9A19103F-16F7-4668-BE54-9A1E7A4F7556}") = "1) BinarySearch", "BinarySearch\1) BinarySearch.csproj", "{D18A2170-BF08-4928-9053-0476D26BD404}"
EndProject
Project("{9A19103F-16F7-4668-BE54-9A1E7A4F7556}") = "2) SpellcheckBinarySearch", "SpellcheckBinarySearch\2) SpellcheckBinarySearch.csproj", "{8BE4E81D-0E1E-4EA0-8434-A6799EF78D0E}"
EndProject
Project("{9A19103F-16F7-4668-BE54-9A1E7A4F7556}") = "1) Sort", "Sort\1) Sort.csproj", "{664C5D20-AE44-4059-81B2-E1A3662CA8DD}"
EndProject
Project("{9A19103F-16F7-4668-BE54-9A1E7A4F7556}") = "2) MergeSortParallel", "MergeSortParallel\2) MergeSortParallel.csproj", "{0BB7F986-291E-402A-8320-B61860C93B8F}"
EndProject
Project("{9A19103F-16F7-4668-BE54-9A1E7A4F7556}") = "1) Soundex", "Soundex\1) Soundex.csproj", "{23D6D805-46E5-4E9C-8801-C704ABC3CC01}"
EndProject
Project("{9A19103F-16F7-4668-BE54-9A1E7A4F7556}") = "2) ApproximateStringMatching", "ApproximateStringMatching\2) ApproximateStringMatching.csproj", "{77A23121-55DE-4DC7-A1BE-604B60E6A96E}"
EndProject
Project("{9A19103F-16F7-4668-BE54-9A1E7A4F7556}") = "3) Aufgabe 2 (DublettenSoundex)", "DublettenSoundex\3) Aufgabe 2 (DublettenSoundex).csproj", "{DEA90895-62A0-4172-9411-C643F78E78F6}"
EndProject
Project("{9A19103F-16F7-4668-BE54-9A1E7A4F7556}") = "4) Aufgabe 1 (DublettenJaro)", "DublettenJaro\4) Aufgabe 1 (DublettenJaro).csproj", "{09A5FD2E-9BE5-4CFF-A28A-E1C1EA8AAB89}"
EndProject
Project("{2150E333-8FDC-42A3-9474-1A3956D46DE8}") = "2.9 Graphen", "2.9 Graphen", "{BE8E2DC6-B740-41BC-B6A4-B03FAB3463D7}"
EndProject
Project("{9A19103F-16F7-4668-BE54-9A1E7A4F7556}") = "1) Graph", "Graph\1) Graph.csproj", "{DB5AEA1D-D6FD-446F-9D90-A19DF2CC46EC}"
EndProject
Project("{9A19103F-16F7-4668-BE54-9A1E7A4F7556}") = "2) DirectedGraph", "DirectedGraph\2) DirectedGraph.csproj", "{CCF3F91F-36A6-400E-9294-1ACD4BF67F12}"
EndProject
Global
	GlobalSection(SolutionConfigurationPlatforms) = preSolution
		Debug|Any CPU = Debug|Any CPU
		Release|Any CPU = Release|Any CPU
	EndGlobalSection
	GlobalSection(ProjectConfigurationPlatforms) = postSolution
		{30288113-2A8C-48C2-A3FC-5271C539341B}.Debug|Any CPU.ActiveCfg = Debug|Any CPU
		{30288113-2A8C-48C2-A3FC-5271C539341B}.Debug|Any CPU.Build.0 = Debug|Any CPU
		{30288113-2A8C-48C2-A3FC-5271C539341B}.Release|Any CPU.ActiveCfg = Release|Any CPU
		{30288113-2A8C-48C2-A3FC-5271C539341B}.Release|Any CPU.Build.0 = Release|Any CPU
		{D254580F-7051-463F-B778-2444858451AB}.Debug|Any CPU.ActiveCfg = Debug|Any CPU
		{D254580F-7051-463F-B778-2444858451AB}.Debug|Any CPU.Build.0 = Debug|Any CPU
		{D254580F-7051-463F-B778-2444858451AB}.Release|Any CPU.ActiveCfg = Release|Any CPU
		{D254580F-7051-463F-B778-2444858451AB}.Release|Any CPU.Build.0 = Release|Any CPU
		{6B4F0D3E-9EEE-466A-87F0-7FAC71F692C2}.Debug|Any CPU.ActiveCfg = Debug|Any CPU
		{6B4F0D3E-9EEE-466A-87F0-7FAC71F692C2}.Debug|Any CPU.Build.0 = Debug|Any CPU
		{6B4F0D3E-9EEE-466A-87F0-7FAC71F692C2}.Release|Any CPU.ActiveCfg = Release|Any CPU
		{6B4F0D3E-9EEE-466A-87F0-7FAC71F692C2}.Release|Any CPU.Build.0 = Release|Any CPU
		{51D462D3-7DA5-43E8-A5FA-D3D1FC7F5E3E}.Debug|Any CPU.ActiveCfg = Debug|Any CPU
		{51D462D3-7DA5-43E8-A5FA-D3D1FC7F5E3E}.Debug|Any CPU.Build.0 = Debug|Any CPU
		{51D462D3-7DA5-43E8-A5FA-D3D1FC7F5E3E}.Release|Any CPU.ActiveCfg = Release|Any CPU
		{51D462D3-7DA5-43E8-A5FA-D3D1FC7F5E3E}.Release|Any CPU.Build.0 = Release|Any CPU
		{6FF7CA8B-0B52-4C19-8B15-ED712457D502}.Debug|Any CPU.ActiveCfg = Debug|Any CPU
		{6FF7CA8B-0B52-4C19-8B15-ED712457D502}.Debug|Any CPU.Build.0 = Debug|Any CPU
		{6FF7CA8B-0B52-4C19-8B15-ED712457D502}.Release|Any CPU.ActiveCfg = Release|Any CPU
		{6FF7CA8B-0B52-4C19-8B15-ED712457D502}.Release|Any CPU.Build.0 = Release|Any CPU
		{03C0C804-7BA2-4DDA-B008-16E7160A7488}.Debug|Any CPU.ActiveCfg = Debug|Any CPU
		{03C0C804-7BA2-4DDA-B008-16E7160A7488}.Debug|Any CPU.Build.0 = Debug|Any CPU
		{03C0C804-7BA2-4DDA-B008-16E7160A7488}.Release|Any CPU.ActiveCfg = Release|Any CPU
		{03C0C804-7BA2-4DDA-B008-16E7160A7488}.Release|Any CPU.Build.0 = Release|Any CPU
		{1D5F798C-FD4C-4AB6-B6BA-9FE39028C5B3}.Debug|Any CPU.ActiveCfg = Debug|Any CPU
		{1D5F798C-FD4C-4AB6-B6BA-9FE39028C5B3}.Debug|Any CPU.Build.0 = Debug|Any CPU
		{1D5F798C-FD4C-4AB6-B6BA-9FE39028C5B3}.Release|Any CPU.ActiveCfg = Release|Any CPU
		{1D5F798C-FD4C-4AB6-B6BA-9FE39028C5B3}.Release|Any CPU.Build.0 = Release|Any CPU
		{4F926D17-4A37-4551-AC0D-031901EDCAE7}.Debug|Any CPU.ActiveCfg = Debug|Any CPU
		{4F926D17-4A37-4551-AC0D-031901EDCAE7}.Debug|Any CPU.Build.0 = Debug|Any CPU
		{4F926D17-4A37-4551-AC0D-031901EDCAE7}.Release|Any CPU.ActiveCfg = Release|Any CPU
		{4F926D17-4A37-4551-AC0D-031901EDCAE7}.Release|Any CPU.Build.0 = Release|Any CPU
		{6E557B34-940E-4AB9-92F9-87B2AB504786}.Debug|Any CPU.ActiveCfg = Debug|Any CPU
		{6E557B34-940E-4AB9-92F9-87B2AB504786}.Debug|Any CPU.Build.0 = Debug|Any CPU
		{6E557B34-940E-4AB9-92F9-87B2AB504786}.Release|Any CPU.ActiveCfg = Release|Any CPU
		{6E557B34-940E-4AB9-92F9-87B2AB504786}.Release|Any CPU.Build.0 = Release|Any CPU
		{F6DE20E4-0CCB-4072-B8B2-BB4FFA5F3166}.Debug|Any CPU.ActiveCfg = Debug|Any CPU
		{F6DE20E4-0CCB-4072-B8B2-BB4FFA5F3166}.Debug|Any CPU.Build.0 = Debug|Any CPU
		{F6DE20E4-0CCB-4072-B8B2-BB4FFA5F3166}.Release|Any CPU.ActiveCfg = Release|Any CPU
		{F6DE20E4-0CCB-4072-B8B2-BB4FFA5F3166}.Release|Any CPU.Build.0 = Release|Any CPU
		{236A2B08-18DE-4BAF-B4FE-A678994B88F7}.Debug|Any CPU.ActiveCfg = Debug|Any CPU
		{236A2B08-18DE-4BAF-B4FE-A678994B88F7}.Debug|Any CPU.Build.0 = Debug|Any CPU
		{236A2B08-18DE-4BAF-B4FE-A678994B88F7}.Release|Any CPU.ActiveCfg = Release|Any CPU
		{236A2B08-18DE-4BAF-B4FE-A678994B88F7}.Release|Any CPU.Build.0 = Release|Any CPU
		{620FB691-46EA-4286-85E8-C5F3FD4AB48D}.Debug|Any CPU.ActiveCfg = Debug|Any CPU
		{620FB691-46EA-4286-85E8-C5F3FD4AB48D}.Debug|Any CPU.Build.0 = Debug|Any CPU
		{620FB691-46EA-4286-85E8-C5F3FD4AB48D}.Release|Any CPU.ActiveCfg = Release|Any CPU
		{620FB691-46EA-4286-85E8-C5F3FD4AB48D}.Release|Any CPU.Build.0 = Release|Any CPU
		{7223459D-3398-4504-9A69-F975406FCD24}.Debug|Any CPU.ActiveCfg = Debug|Any CPU
		{7223459D-3398-4504-9A69-F975406FCD24}.Debug|Any CPU.Build.0 = Debug|Any CPU
		{7223459D-3398-4504-9A69-F975406FCD24}.Release|Any CPU.ActiveCfg = Release|Any CPU
		{7223459D-3398-4504-9A69-F975406FCD24}.Release|Any CPU.Build.0 = Release|Any CPU
		{EA52BA6F-28AD-44BD-889D-2D5207F3DE4A}.Debug|Any CPU.ActiveCfg = Debug|Any CPU
		{EA52BA6F-28AD-44BD-889D-2D5207F3DE4A}.Debug|Any CPU.Build.0 = Debug|Any CPU
		{EA52BA6F-28AD-44BD-889D-2D5207F3DE4A}.Release|Any CPU.ActiveCfg = Release|Any CPU
		{EA52BA6F-28AD-44BD-889D-2D5207F3DE4A}.Release|Any CPU.Build.0 = Release|Any CPU
		{17A0B94F-8692-4850-A4DA-D0A0653CD59B}.Debug|Any CPU.ActiveCfg = Debug|Any CPU
		{17A0B94F-8692-4850-A4DA-D0A0653CD59B}.Debug|Any CPU.Build.0 = Debug|Any CPU
		{17A0B94F-8692-4850-A4DA-D0A0653CD59B}.Release|Any CPU.ActiveCfg = Release|Any CPU
		{17A0B94F-8692-4850-A4DA-D0A0653CD59B}.Release|Any CPU.Build.0 = Release|Any CPU
		{3D28AFA4-81DE-46D7-B40A-3FA3D6D010A5}.Debug|Any CPU.ActiveCfg = Debug|Any CPU
		{3D28AFA4-81DE-46D7-B40A-3FA3D6D010A5}.Debug|Any CPU.Build.0 = Debug|Any CPU
		{3D28AFA4-81DE-46D7-B40A-3FA3D6D010A5}.Release|Any CPU.ActiveCfg = Release|Any CPU
		{3D28AFA4-81DE-46D7-B40A-3FA3D6D010A5}.Release|Any CPU.Build.0 = Release|Any CPU
		{F00E1215-4A9E-46A8-90E9-7973287AB499}.Debug|Any CPU.ActiveCfg = Debug|Any CPU
		{F00E1215-4A9E-46A8-90E9-7973287AB499}.Debug|Any CPU.Build.0 = Debug|Any CPU
		{F00E1215-4A9E-46A8-90E9-7973287AB499}.Release|Any CPU.ActiveCfg = Release|Any CPU
		{F00E1215-4A9E-46A8-90E9-7973287AB499}.Release|Any CPU.Build.0 = Release|Any CPU
		{357A0228-817B-4B67-BB1A-A907BECAD08B}.Debug|Any CPU.ActiveCfg = Debug|Any CPU
		{357A0228-817B-4B67-BB1A-A907BECAD08B}.Debug|Any CPU.Build.0 = Debug|Any CPU
		{357A0228-817B-4B67-BB1A-A907BECAD08B}.Release|Any CPU.ActiveCfg = Release|Any CPU
		{357A0228-817B-4B67-BB1A-A907BECAD08B}.Release|Any CPU.Build.0 = Release|Any CPU
		{80DB19B3-2C9A-49E1-9742-5387BC21FBD5}.Debug|Any CPU.ActiveCfg = Debug|Any CPU
		{80DB19B3-2C9A-49E1-9742-5387BC21FBD5}.Debug|Any CPU.Build.0 = Debug|Any CPU
		{80DB19B3-2C9A-49E1-9742-5387BC21FBD5}.Release|Any CPU.ActiveCfg = Release|Any CPU
		{80DB19B3-2C9A-49E1-9742-5387BC21FBD5}.Release|Any CPU.Build.0 = Release|Any CPU
		{7D1CD25B-7F82-4200-81E0-902422D663BB}.Debug|Any CPU.ActiveCfg = Debug|Any CPU
		{7D1CD25B-7F82-4200-81E0-902422D663BB}.Debug|Any CPU.Build.0 = Debug|Any CPU
		{7D1CD25B-7F82-4200-81E0-902422D663BB}.Release|Any CPU.ActiveCfg = Release|Any CPU
		{7D1CD25B-7F82-4200-81E0-902422D663BB}.Release|Any CPU.Build.0 = Release|Any CPU
		{CC8D1803-3915-4B04-8C8B-6E9402B8F3B4}.Debug|Any CPU.ActiveCfg = Debug|Any CPU
		{CC8D1803-3915-4B04-8C8B-6E9402B8F3B4}.Debug|Any CPU.Build.0 = Debug|Any CPU
		{CC8D1803-3915-4B04-8C8B-6E9402B8F3B4}.Release|Any CPU.ActiveCfg = Release|Any CPU
		{CC8D1803-3915-4B04-8C8B-6E9402B8F3B4}.Release|Any CPU.Build.0 = Release|Any CPU
		{88785626-EBB8-4CF4-87E1-C47604A0FEC5}.Debug|Any CPU.ActiveCfg = Debug|Any CPU
		{88785626-EBB8-4CF4-87E1-C47604A0FEC5}.Debug|Any CPU.Build.0 = Debug|Any CPU
		{88785626-EBB8-4CF4-87E1-C47604A0FEC5}.Release|Any CPU.ActiveCfg = Release|Any CPU
		{88785626-EBB8-4CF4-87E1-C47604A0FEC5}.Release|Any CPU.Build.0 = Release|Any CPU
		{1449ABF2-D4F8-4FB2-9CD9-3D6B6CB4FE45}.Debug|Any CPU.ActiveCfg = Debug|Any CPU
		{1449ABF2-D4F8-4FB2-9CD9-3D6B6CB4FE45}.Debug|Any CPU.Build.0 = Debug|Any CPU
		{1449ABF2-D4F8-4FB2-9CD9-3D6B6CB4FE45}.Release|Any CPU.ActiveCfg = Release|Any CPU
		{1449ABF2-D4F8-4FB2-9CD9-3D6B6CB4FE45}.Release|Any CPU.Build.0 = Release|Any CPU
		{4A7C72BC-3639-41D3-B934-65705CB320DB}.Debug|Any CPU.ActiveCfg = Debug|Any CPU
		{4A7C72BC-3639-41D3-B934-65705CB320DB}.Debug|Any CPU.Build.0 = Debug|Any CPU
		{4A7C72BC-3639-41D3-B934-65705CB320DB}.Release|Any CPU.ActiveCfg = Release|Any CPU
		{4A7C72BC-3639-41D3-B934-65705CB320DB}.Release|Any CPU.Build.0 = Release|Any CPU
		{482A07B3-8F4A-47A0-A579-7624E3BDD7C5}.Debug|Any CPU.ActiveCfg = Debug|Any CPU
		{482A07B3-8F4A-47A0-A579-7624E3BDD7C5}.Debug|Any CPU.Build.0 = Debug|Any CPU
		{482A07B3-8F4A-47A0-A579-7624E3BDD7C5}.Release|Any CPU.ActiveCfg = Release|Any CPU
		{482A07B3-8F4A-47A0-A579-7624E3BDD7C5}.Release|Any CPU.Build.0 = Release|Any CPU
		{D18A2170-BF08-4928-9053-0476D26BD404}.Debug|Any CPU.ActiveCfg = Debug|Any CPU
		{D18A2170-BF08-4928-9053-0476D26BD404}.Debug|Any CPU.Build.0 = Debug|Any CPU
		{D18A2170-BF08-4928-9053-0476D26BD404}.Release|Any CPU.ActiveCfg = Release|Any CPU
		{D18A2170-BF08-4928-9053-0476D26BD404}.Release|Any CPU.Build.0 = Release|Any CPU
		{8BE4E81D-0E1E-4EA0-8434-A6799EF78D0E}.Debug|Any CPU.ActiveCfg = Debug|Any CPU
		{8BE4E81D-0E1E-4EA0-8434-A6799EF78D0E}.Debug|Any CPU.Build.0 = Debug|Any CPU
		{8BE4E81D-0E1E-4EA0-8434-A6799EF78D0E}.Release|Any CPU.ActiveCfg = Release|Any CPU
		{8BE4E81D-0E1E-4EA0-8434-A6799EF78D0E}.Release|Any CPU.Build.0 = Release|Any CPU
		{664C5D20-AE44-4059-81B2-E1A3662CA8DD}.Debug|Any CPU.ActiveCfg = Debug|Any CPU
		{664C5D20-AE44-4059-81B2-E1A3662CA8DD}.Debug|Any CPU.Build.0 = Debug|Any CPU
		{664C5D20-AE44-4059-81B2-E1A3662CA8DD}.Release|Any CPU.ActiveCfg = Release|Any CPU
		{664C5D20-AE44-4059-81B2-E1A3662CA8DD}.Release|Any CPU.Build.0 = Release|Any CPU
		{0BB7F986-291E-402A-8320-B61860C93B8F}.Debug|Any CPU.ActiveCfg = Debug|Any CPU
		{0BB7F986-291E-402A-8320-B61860C93B8F}.Debug|Any CPU.Build.0 = Debug|Any CPU
		{0BB7F986-291E-402A-8320-B61860C93B8F}.Release|Any CPU.ActiveCfg = Release|Any CPU
		{0BB7F986-291E-402A-8320-B61860C93B8F}.Release|Any CPU.Build.0 = Release|Any CPU
		{23D6D805-46E5-4E9C-8801-C704ABC3CC01}.Debug|Any CPU.ActiveCfg = Debug|Any CPU
		{23D6D805-46E5-4E9C-8801-C704ABC3CC01}.Debug|Any CPU.Build.0 = Debug|Any CPU
		{23D6D805-46E5-4E9C-8801-C704ABC3CC01}.Release|Any CPU.ActiveCfg = Release|Any CPU
		{23D6D805-46E5-4E9C-8801-C704ABC3CC01}.Release|Any CPU.Build.0 = Release|Any CPU
		{77A23121-55DE-4DC7-A1BE-604B60E6A96E}.Debug|Any CPU.ActiveCfg = Debug|Any CPU
		{77A23121-55DE-4DC7-A1BE-604B60E6A96E}.Debug|Any CPU.Build.0 = Debug|Any CPU
		{77A23121-55DE-4DC7-A1BE-604B60E6A96E}.Release|Any CPU.ActiveCfg = Release|Any CPU
		{77A23121-55DE-4DC7-A1BE-604B60E6A96E}.Release|Any CPU.Build.0 = Release|Any CPU
		{DEA90895-62A0-4172-9411-C643F78E78F6}.Debug|Any CPU.ActiveCfg = Debug|Any CPU
		{DEA90895-62A0-4172-9411-C643F78E78F6}.Debug|Any CPU.Build.0 = Debug|Any CPU
		{DEA90895-62A0-4172-9411-C643F78E78F6}.Release|Any CPU.ActiveCfg = Release|Any CPU
		{DEA90895-62A0-4172-9411-C643F78E78F6}.Release|Any CPU.Build.0 = Release|Any CPU
		{09A5FD2E-9BE5-4CFF-A28A-E1C1EA8AAB89}.Debug|Any CPU.ActiveCfg = Debug|Any CPU
		{09A5FD2E-9BE5-4CFF-A28A-E1C1EA8AAB89}.Debug|Any CPU.Build.0 = Debug|Any CPU
		{09A5FD2E-9BE5-4CFF-A28A-E1C1EA8AAB89}.Release|Any CPU.ActiveCfg = Release|Any CPU
		{09A5FD2E-9BE5-4CFF-A28A-E1C1EA8AAB89}.Release|Any CPU.Build.0 = Release|Any CPU
		{DB5AEA1D-D6FD-446F-9D90-A19DF2CC46EC}.Debug|Any CPU.ActiveCfg = Debug|Any CPU
		{DB5AEA1D-D6FD-446F-9D90-A19DF2CC46EC}.Debug|Any CPU.Build.0 = Debug|Any CPU
		{DB5AEA1D-D6FD-446F-9D90-A19DF2CC46EC}.Release|Any CPU.ActiveCfg = Release|Any CPU
		{DB5AEA1D-D6FD-446F-9D90-A19DF2CC46EC}.Release|Any CPU.Build.0 = Release|Any CPU
		{CCF3F91F-36A6-400E-9294-1ACD4BF67F12}.Debug|Any CPU.ActiveCfg = Debug|Any CPU
		{CCF3F91F-36A6-400E-9294-1ACD4BF67F12}.Debug|Any CPU.Build.0 = Debug|Any CPU
		{CCF3F91F-36A6-400E-9294-1ACD4BF67F12}.Release|Any CPU.ActiveCfg = Release|Any CPU
		{CCF3F91F-36A6-400E-9294-1ACD4BF67F12}.Release|Any CPU.Build.0 = Release|Any CPU
	EndGlobalSection
	GlobalSection(SolutionProperties) = preSolution
		HideSolutionNode = FALSE
	EndGlobalSection
	GlobalSection(NestedProjects) = preSolution
		{30288113-2A8C-48C2-A3FC-5271C539341B} = {CEED3D3F-6FED-46B2-AAD3-F4EAE29BF417}
		{319044AD-32AC-40F5-B6E1-B86317635C98} = {18F44DCC-265E-4DD3-92B7-6273378F6B81}
		{5858BE7E-2BBC-4C31-BCC3-61253E3E5F8D} = {18F44DCC-265E-4DD3-92B7-6273378F6B81}
		{C2D1D592-2FE9-482A-82EC-A53DF2922838} = {18F44DCC-265E-4DD3-92B7-6273378F6B81}
		{FFDDCE4D-E770-4FE2-9B48-57684BBAE302} = {18F44DCC-265E-4DD3-92B7-6273378F6B81}
		{4E90EDB5-0558-417E-9944-40D693D014BC} = {18F44DCC-265E-4DD3-92B7-6273378F6B81}
		{4F0FBB37-06EB-4913-93E5-57407D5434C9} = {18F44DCC-265E-4DD3-92B7-6273378F6B81}
		{FC33CEF4-96BF-403D-9EC6-52477EA34EE8} = {FCAF76EC-92E0-4F34-993B-7291FE0FCAB8}
		{CCE2A6F9-1941-4F72-8186-9511FD38BC55} = {FCAF76EC-92E0-4F34-993B-7291FE0FCAB8}
		{439E736B-E64D-4A0E-89F6-FD38D01C5DBD} = {FCAF76EC-92E0-4F34-993B-7291FE0FCAB8}
		{D254580F-7051-463F-B778-2444858451AB} = {319044AD-32AC-40F5-B6E1-B86317635C98}
		{6B4F0D3E-9EEE-466A-87F0-7FAC71F692C2} = {319044AD-32AC-40F5-B6E1-B86317635C98}
		{51D462D3-7DA5-43E8-A5FA-D3D1FC7F5E3E} = {319044AD-32AC-40F5-B6E1-B86317635C98}
		{6FF7CA8B-0B52-4C19-8B15-ED712457D502} = {319044AD-32AC-40F5-B6E1-B86317635C98}
		{03C0C804-7BA2-4DDA-B008-16E7160A7488} = {319044AD-32AC-40F5-B6E1-B86317635C98}
		{1D5F798C-FD4C-4AB6-B6BA-9FE39028C5B3} = {319044AD-32AC-40F5-B6E1-B86317635C98}
		{4F926D17-4A37-4551-AC0D-031901EDCAE7} = {319044AD-32AC-40F5-B6E1-B86317635C98}
		{6E557B34-940E-4AB9-92F9-87B2AB504786} = {5858BE7E-2BBC-4C31-BCC3-61253E3E5F8D}
		{F6DE20E4-0CCB-4072-B8B2-BB4FFA5F3166} = {5858BE7E-2BBC-4C31-BCC3-61253E3E5F8D}
		{236A2B08-18DE-4BAF-B4FE-A678994B88F7} = {5858BE7E-2BBC-4C31-BCC3-61253E3E5F8D}
		{620FB691-46EA-4286-85E8-C5F3FD4AB48D} = {319044AD-32AC-40F5-B6E1-B86317635C98}
		{7223459D-3398-4504-9A69-F975406FCD24} = {5858BE7E-2BBC-4C31-BCC3-61253E3E5F8D}
		{EA52BA6F-28AD-44BD-889D-2D5207F3DE4A} = {C2D1D592-2FE9-482A-82EC-A53DF2922838}
		{17A0B94F-8692-4850-A4DA-D0A0653CD59B} = {C2D1D592-2FE9-482A-82EC-A53DF2922838}
		{3D28AFA4-81DE-46D7-B40A-3FA3D6D010A5} = {FFDDCE4D-E770-4FE2-9B48-57684BBAE302}
		{F00E1215-4A9E-46A8-90E9-7973287AB499} = {FFDDCE4D-E770-4FE2-9B48-57684BBAE302}
		{357A0228-817B-4B67-BB1A-A907BECAD08B} = {FFDDCE4D-E770-4FE2-9B48-57684BBAE302}
		{80DB19B3-2C9A-49E1-9742-5387BC21FBD5} = {FFDDCE4D-E770-4FE2-9B48-57684BBAE302}
		{7D1CD25B-7F82-4200-81E0-902422D663BB} = {FFDDCE4D-E770-4FE2-9B48-57684BBAE302}
		{CC8D1803-3915-4B04-8C8B-6E9402B8F3B4} = {4E90EDB5-0558-417E-9944-40D693D014BC}
		{88785626-EBB8-4CF4-87E1-C47604A0FEC5} = {4E90EDB5-0558-417E-9944-40D693D014BC}
		{1449ABF2-D4F8-4FB2-9CD9-3D6B6CB4FE45} = {4E90EDB5-0558-417E-9944-40D693D014BC}
		{4A7C72BC-3639-41D3-B934-65705CB320DB} = {4F0FBB37-06EB-4913-93E5-57407D5434C9}
		{482A07B3-8F4A-47A0-A579-7624E3BDD7C5} = {4F0FBB37-06EB-4913-93E5-57407D5434C9}
		{D18A2170-BF08-4928-9053-0476D26BD404} = {FC33CEF4-96BF-403D-9EC6-52477EA34EE8}
		{8BE4E81D-0E1E-4EA0-8434-A6799EF78D0E} = {FC33CEF4-96BF-403D-9EC6-52477EA34EE8}
		{664C5D20-AE44-4059-81B2-E1A3662CA8DD} = {CCE2A6F9-1941-4F72-8186-9511FD38BC55}
		{0BB7F986-291E-402A-8320-B61860C93B8F} = {CCE2A6F9-1941-4F72-8186-9511FD38BC55}
		{23D6D805-46E5-4E9C-8801-C704ABC3CC01} = {439E736B-E64D-4A0E-89F6-FD38D01C5DBD}
		{77A23121-55DE-4DC7-A1BE-604B60E6A96E} = {439E736B-E64D-4A0E-89F6-FD38D01C5DBD}
		{DEA90895-62A0-4172-9411-C643F78E78F6} = {439E736B-E64D-4A0E-89F6-FD38D01C5DBD}
		{09A5FD2E-9BE5-4CFF-A28A-E1C1EA8AAB89} = {439E736B-E64D-4A0E-89F6-FD38D01C5DBD}
		{BE8E2DC6-B740-41BC-B6A4-B03FAB3463D7} = {18F44DCC-265E-4DD3-92B7-6273378F6B81}
		{DB5AEA1D-D6FD-446F-9D90-A19DF2CC46EC} = {BE8E2DC6-B740-41BC-B6A4-B03FAB3463D7}
		{CCF3F91F-36A6-400E-9294-1ACD4BF67F12} = {BE8E2DC6-B740-41BC-B6A4-B03FAB3463D7}
	EndGlobalSection
	GlobalSection(ExtensibilityGlobals) = postSolution
		SolutionGuid = {DE5C007F-F999-4EBD-8198-6066EFE3EA6D}
	EndGlobalSection
EndGlobal
